// !$*UTF8*$!
{
	archiveVersion = 1;
	classes = {
	};
	objectVersion = 55;
	objects = {

/* Begin PBXBuildFile section */
		E007DC6028D4BC5F00E67E1E /* MovieView.swift in Sources */ = {isa = PBXBuildFile; fileRef = E007DC5F28D4BC5F00E67E1E /* MovieView.swift */; };
		E0DD5ED928CF813B00B41243 /* ghibliApp.swift in Sources */ = {isa = PBXBuildFile; fileRef = E0DD5ED828CF813B00B41243 /* ghibliApp.swift */; };
		E0DD5EDB28CF813B00B41243 /* ContentView.swift in Sources */ = {isa = PBXBuildFile; fileRef = E0DD5EDA28CF813B00B41243 /* ContentView.swift */; };
		E0DD5EDD28CF813E00B41243 /* Assets.xcassets in Resources */ = {isa = PBXBuildFile; fileRef = E0DD5EDC28CF813E00B41243 /* Assets.xcassets */; };
		E0DD5EE028CF813E00B41243 /* Preview Assets.xcassets in Resources */ = {isa = PBXBuildFile; fileRef = E0DD5EDF28CF813E00B41243 /* Preview Assets.xcassets */; };
		E0DD5EEA28CF813E00B41243 /* ghibliTests.swift in Sources */ = {isa = PBXBuildFile; fileRef = E0DD5EE928CF813E00B41243 /* ghibliTests.swift */; };
		E0DD5EF428CF813E00B41243 /* ghibliUITests.swift in Sources */ = {isa = PBXBuildFile; fileRef = E0DD5EF328CF813E00B41243 /* ghibliUITests.swift */; };
		E0DD5EF628CF813E00B41243 /* ghibliUITestsLaunchTests.swift in Sources */ = {isa = PBXBuildFile; fileRef = E0DD5EF528CF813E00B41243 /* ghibliUITestsLaunchTests.swift */; };
		E0DD5F0328CF81AF00B41243 /* GhibliModel.swift in Sources */ = {isa = PBXBuildFile; fileRef = E0DD5F0228CF81AF00B41243 /* GhibliModel.swift */; };
		E0DD5F0528CF83BF00B41243 /* GhibliViewModel.swift in Sources */ = {isa = PBXBuildFile; fileRef = E0DD5F0428CF83BF00B41243 /* GhibliViewModel.swift */; };
		E0DD5F0728CF8B2700B41243 /* GhibliService.swift in Sources */ = {isa = PBXBuildFile; fileRef = E0DD5F0628CF8B2700B41243 /* GhibliService.swift */; };
/* End PBXBuildFile section */

/* Begin PBXContainerItemProxy section */
		E0DD5EE628CF813E00B41243 /* PBXContainerItemProxy */ = {
			isa = PBXContainerItemProxy;
			containerPortal = E0DD5ECD28CF813B00B41243 /* Project object */;
			proxyType = 1;
			remoteGlobalIDString = E0DD5ED428CF813B00B41243;
			remoteInfo = ghibli;
		};
		E0DD5EF028CF813E00B41243 /* PBXContainerItemProxy */ = {
			isa = PBXContainerItemProxy;
			containerPortal = E0DD5ECD28CF813B00B41243 /* Project object */;
			proxyType = 1;
			remoteGlobalIDString = E0DD5ED428CF813B00B41243;
			remoteInfo = ghibli;
		};
/* End PBXContainerItemProxy section */

/* Begin PBXFileReference section */
		E007DC5F28D4BC5F00E67E1E /* MovieView.swift */ = {isa = PBXFileReference; lastKnownFileType = sourcecode.swift; path = MovieView.swift; sourceTree = "<group>"; };
		E0DD5ED528CF813B00B41243 /* ghibli.app */ = {isa = PBXFileReference; explicitFileType = wrapper.application; includeInIndex = 0; path = ghibli.app; sourceTree = BUILT_PRODUCTS_DIR; };
		E0DD5ED828CF813B00B41243 /* ghibliApp.swift */ = {isa = PBXFileReference; lastKnownFileType = sourcecode.swift; path = ghibliApp.swift; sourceTree = "<group>"; };
		E0DD5EDA28CF813B00B41243 /* ContentView.swift */ = {isa = PBXFileReference; lastKnownFileType = sourcecode.swift; path = ContentView.swift; sourceTree = "<group>"; };
		E0DD5EDC28CF813E00B41243 /* Assets.xcassets */ = {isa = PBXFileReference; lastKnownFileType = folder.assetcatalog; path = Assets.xcassets; sourceTree = "<group>"; };
		E0DD5EDF28CF813E00B41243 /* Preview Assets.xcassets */ = {isa = PBXFileReference; lastKnownFileType = folder.assetcatalog; path = "Preview Assets.xcassets"; sourceTree = "<group>"; };
		E0DD5EE528CF813E00B41243 /* ghibliTests.xctest */ = {isa = PBXFileReference; explicitFileType = wrapper.cfbundle; includeInIndex = 0; path = ghibliTests.xctest; sourceTree = BUILT_PRODUCTS_DIR; };
		E0DD5EE928CF813E00B41243 /* ghibliTests.swift */ = {isa = PBXFileReference; lastKnownFileType = sourcecode.swift; path = ghibliTests.swift; sourceTree = "<group>"; };
		E0DD5EEF28CF813E00B41243 /* ghibliUITests.xctest */ = {isa = PBXFileReference; explicitFileType = wrapper.cfbundle; includeInIndex = 0; path = ghibliUITests.xctest; sourceTree = BUILT_PRODUCTS_DIR; };
		E0DD5EF328CF813E00B41243 /* ghibliUITests.swift */ = {isa = PBXFileReference; lastKnownFileType = sourcecode.swift; path = ghibliUITests.swift; sourceTree = "<group>"; };
		E0DD5EF528CF813E00B41243 /* ghibliUITestsLaunchTests.swift */ = {isa = PBXFileReference; lastKnownFileType = sourcecode.swift; path = ghibliUITestsLaunchTests.swift; sourceTree = "<group>"; };
		E0DD5F0228CF81AF00B41243 /* GhibliModel.swift */ = {isa = PBXFileReference; lastKnownFileType = sourcecode.swift; path = GhibliModel.swift; sourceTree = "<group>"; };
		E0DD5F0428CF83BF00B41243 /* GhibliViewModel.swift */ = {isa = PBXFileReference; lastKnownFileType = sourcecode.swift; path = GhibliViewModel.swift; sourceTree = "<group>"; };
		E0DD5F0628CF8B2700B41243 /* GhibliService.swift */ = {isa = PBXFileReference; lastKnownFileType = sourcecode.swift; path = GhibliService.swift; sourceTree = "<group>"; };
/* End PBXFileReference section */

/* Begin PBXFrameworksBuildPhase section */
		E0DD5ED228CF813B00B41243 /* Frameworks */ = {
			isa = PBXFrameworksBuildPhase;
			buildActionMask = 2147483647;
			files = (
			);
			runOnlyForDeploymentPostprocessing = 0;
		};
		E0DD5EE228CF813E00B41243 /* Frameworks */ = {
			isa = PBXFrameworksBuildPhase;
			buildActionMask = 2147483647;
			files = (
			);
			runOnlyForDeploymentPostprocessing = 0;
		};
		E0DD5EEC28CF813E00B41243 /* Frameworks */ = {
			isa = PBXFrameworksBuildPhase;
			buildActionMask = 2147483647;
			files = (
			);
			runOnlyForDeploymentPostprocessing = 0;
		};
/* End PBXFrameworksBuildPhase section */

/* Begin PBXGroup section */
		E02D2FAC28D8C201000667BA /* HomeViewModel */ = {
			isa = PBXGroup;
			children = (
				E0DD5ED828CF813B00B41243 /* ghibliApp.swift */,
				E0DD5EDA28CF813B00B41243 /* ContentView.swift */,
				E0DD5F0428CF83BF00B41243 /* GhibliViewModel.swift */,
			);
			path = HomeViewModel;
			sourceTree = "<group>";
		};
		E02D2FAE28D8C253000667BA /* MovieViewModel */ = {
			isa = PBXGroup;
			children = (
				E007DC5F28D4BC5F00E67E1E /* MovieView.swift */,
			);
			path = MovieViewModel;
			sourceTree = "<group>";
		};
		E02D2FAF28D8C273000667BA /* Model */ = {
			isa = PBXGroup;
			children = (
				E0DD5F0228CF81AF00B41243 /* GhibliModel.swift */,
				E0DD5F0628CF8B2700B41243 /* GhibliService.swift */,
			);
			path = Model;
			sourceTree = "<group>";
		};
		E0DD5ECC28CF813B00B41243 = {
			isa = PBXGroup;
			children = (
				E0DD5ED728CF813B00B41243 /* ghibli */,
				E0DD5EE828CF813E00B41243 /* ghibliTests */,
				E0DD5EF228CF813E00B41243 /* ghibliUITests */,
				E0DD5ED628CF813B00B41243 /* Products */,
			);
			sourceTree = "<group>";
		};
		E0DD5ED628CF813B00B41243 /* Products */ = {
			isa = PBXGroup;
			children = (
				E0DD5ED528CF813B00B41243 /* ghibli.app */,
				E0DD5EE528CF813E00B41243 /* ghibliTests.xctest */,
				E0DD5EEF28CF813E00B41243 /* ghibliUITests.xctest */,
			);
			name = Products;
			sourceTree = "<group>";
		};
		E0DD5ED728CF813B00B41243 /* ghibli */ = {
			isa = PBXGroup;
			children = (
				E02D2FAF28D8C273000667BA /* Model */,
				E02D2FAE28D8C253000667BA /* MovieViewModel */,
				E02D2FAC28D8C201000667BA /* HomeViewModel */,
				E0DD5EDC28CF813E00B41243 /* Assets.xcassets */,
				E0DD5EDE28CF813E00B41243 /* Preview Content */,
			);
			path = ghibli;
			sourceTree = "<group>";
		};
		E0DD5EDE28CF813E00B41243 /* Preview Content */ = {
			isa = PBXGroup;
			children = (
				E0DD5EDF28CF813E00B41243 /* Preview Assets.xcassets */,
			);
			path = "Preview Content";
			sourceTree = "<group>";
		};
		E0DD5EE828CF813E00B41243 /* ghibliTests */ = {
			isa = PBXGroup;
			children = (
				E0DD5EE928CF813E00B41243 /* ghibliTests.swift */,
			);
			path = ghibliTests;
			sourceTree = "<group>";
		};
		E0DD5EF228CF813E00B41243 /* ghibliUITests */ = {
			isa = PBXGroup;
			children = (
				E0DD5EF328CF813E00B41243 /* ghibliUITests.swift */,
				E0DD5EF528CF813E00B41243 /* ghibliUITestsLaunchTests.swift */,
			);
			path = ghibliUITests;
			sourceTree = "<group>";
		};
/* End PBXGroup section */

/* Begin PBXNativeTarget section */
		E0DD5ED428CF813B00B41243 /* ghibli */ = {
			isa = PBXNativeTarget;
			buildConfigurationList = E0DD5EF928CF813E00B41243 /* Build configuration list for PBXNativeTarget "ghibli" */;
			buildPhases = (
				E0DD5ED128CF813B00B41243 /* Sources */,
				E0DD5ED228CF813B00B41243 /* Frameworks */,
				E0DD5ED328CF813B00B41243 /* Resources */,
			);
			buildRules = (
			);
			dependencies = (
			);
			name = ghibli;
			productName = ghibli;
			productReference = E0DD5ED528CF813B00B41243 /* ghibli.app */;
			productType = "com.apple.product-type.application";
		};
		E0DD5EE428CF813E00B41243 /* ghibliTests */ = {
			isa = PBXNativeTarget;
			buildConfigurationList = E0DD5EFC28CF813E00B41243 /* Build configuration list for PBXNativeTarget "ghibliTests" */;
			buildPhases = (
				E0DD5EE128CF813E00B41243 /* Sources */,
				E0DD5EE228CF813E00B41243 /* Frameworks */,
				E0DD5EE328CF813E00B41243 /* Resources */,
			);
			buildRules = (
			);
			dependencies = (
				E0DD5EE728CF813E00B41243 /* PBXTargetDependency */,
			);
			name = ghibliTests;
			productName = ghibliTests;
			productReference = E0DD5EE528CF813E00B41243 /* ghibliTests.xctest */;
			productType = "com.apple.product-type.bundle.unit-test";
		};
		E0DD5EEE28CF813E00B41243 /* ghibliUITests */ = {
			isa = PBXNativeTarget;
			buildConfigurationList = E0DD5EFF28CF813E00B41243 /* Build configuration list for PBXNativeTarget "ghibliUITests" */;
			buildPhases = (
				E0DD5EEB28CF813E00B41243 /* Sources */,
				E0DD5EEC28CF813E00B41243 /* Frameworks */,
				E0DD5EED28CF813E00B41243 /* Resources */,
			);
			buildRules = (
			);
			dependencies = (
				E0DD5EF128CF813E00B41243 /* PBXTargetDependency */,
			);
			name = ghibliUITests;
			productName = ghibliUITests;
			productReference = E0DD5EEF28CF813E00B41243 /* ghibliUITests.xctest */;
			productType = "com.apple.product-type.bundle.ui-testing";
		};
/* End PBXNativeTarget section */

/* Begin PBXProject section */
		E0DD5ECD28CF813B00B41243 /* Project object */ = {
			isa = PBXProject;
			attributes = {
				BuildIndependentTargetsInParallel = 1;
				LastSwiftUpdateCheck = 1300;
				LastUpgradeCheck = 1300;
				TargetAttributes = {
					E0DD5ED428CF813B00B41243 = {
						CreatedOnToolsVersion = 13.0;
					};
					E0DD5EE428CF813E00B41243 = {
						CreatedOnToolsVersion = 13.0;
						TestTargetID = E0DD5ED428CF813B00B41243;
					};
					E0DD5EEE28CF813E00B41243 = {
						CreatedOnToolsVersion = 13.0;
						TestTargetID = E0DD5ED428CF813B00B41243;
					};
				};
			};
			buildConfigurationList = E0DD5ED028CF813B00B41243 /* Build configuration list for PBXProject "ghibli" */;
			compatibilityVersion = "Xcode 13.0";
			developmentRegion = en;
			hasScannedForEncodings = 0;
			knownRegions = (
				en,
				Base,
			);
			mainGroup = E0DD5ECC28CF813B00B41243;
			productRefGroup = E0DD5ED628CF813B00B41243 /* Products */;
			projectDirPath = "";
			projectRoot = "";
			targets = (
				E0DD5ED428CF813B00B41243 /* ghibli */,
				E0DD5EE428CF813E00B41243 /* ghibliTests */,
				E0DD5EEE28CF813E00B41243 /* ghibliUITests */,
			);
		};
/* End PBXProject section */

/* Begin PBXResourcesBuildPhase section */
		E0DD5ED328CF813B00B41243 /* Resources */ = {
			isa = PBXResourcesBuildPhase;
			buildActionMask = 2147483647;
			files = (
				E0DD5EE028CF813E00B41243 /* Preview Assets.xcassets in Resources */,
				E0DD5EDD28CF813E00B41243 /* Assets.xcassets in Resources */,
			);
			runOnlyForDeploymentPostprocessing = 0;
		};
		E0DD5EE328CF813E00B41243 /* Resources */ = {
			isa = PBXResourcesBuildPhase;
			buildActionMask = 2147483647;
			files = (
			);
			runOnlyForDeploymentPostprocessing = 0;
		};
		E0DD5EED28CF813E00B41243 /* Resources */ = {
			isa = PBXResourcesBuildPhase;
			buildActionMask = 2147483647;
			files = (
			);
			runOnlyForDeploymentPostprocessing = 0;
		};
/* End PBXResourcesBuildPhase section */

/* Begin PBXSourcesBuildPhase section */
		E0DD5ED128CF813B00B41243 /* Sources */ = {
			isa = PBXSourcesBuildPhase;
			buildActionMask = 2147483647;
			files = (
				E0DD5EDB28CF813B00B41243 /* ContentView.swift in Sources */,
				E0DD5ED928CF813B00B41243 /* ghibliApp.swift in Sources */,
				E007DC6028D4BC5F00E67E1E /* MovieView.swift in Sources */,
				E0DD5F0328CF81AF00B41243 /* GhibliModel.swift in Sources */,
				E0DD5F0728CF8B2700B41243 /* GhibliService.swift in Sources */,
				E0DD5F0528CF83BF00B41243 /* GhibliViewModel.swift in Sources */,
			);
			runOnlyForDeploymentPostprocessing = 0;
		};
		E0DD5EE128CF813E00B41243 /* Sources */ = {
			isa = PBXSourcesBuildPhase;
			buildActionMask = 2147483647;
			files = (
				E0DD5EEA28CF813E00B41243 /* ghibliTests.swift in Sources */,
			);
			runOnlyForDeploymentPostprocessing = 0;
		};
		E0DD5EEB28CF813E00B41243 /* Sources */ = {
			isa = PBXSourcesBuildPhase;
			buildActionMask = 2147483647;
			files = (
				E0DD5EF428CF813E00B41243 /* ghibliUITests.swift in Sources */,
				E0DD5EF628CF813E00B41243 /* ghibliUITestsLaunchTests.swift in Sources */,
			);
			runOnlyForDeploymentPostprocessing = 0;
		};
/* End PBXSourcesBuildPhase section */

/* Begin PBXTargetDependency section */
		E0DD5EE728CF813E00B41243 /* PBXTargetDependency */ = {
			isa = PBXTargetDependency;
			target = E0DD5ED428CF813B00B41243 /* ghibli */;
			targetProxy = E0DD5EE628CF813E00B41243 /* PBXContainerItemProxy */;
		};
		E0DD5EF128CF813E00B41243 /* PBXTargetDependency */ = {
			isa = PBXTargetDependency;
			target = E0DD5ED428CF813B00B41243 /* ghibli */;
			targetProxy = E0DD5EF028CF813E00B41243 /* PBXContainerItemProxy */;
		};
/* End PBXTargetDependency section */

/* Begin XCBuildConfiguration section */
		E0DD5EF728CF813E00B41243 /* Debug */ = {
			isa = XCBuildConfiguration;
			buildSettings = {
				ALWAYS_SEARCH_USER_PATHS = NO;
				CLANG_ANALYZER_NONNULL = YES;
				CLANG_ANALYZER_NUMBER_OBJECT_CONVERSION = YES_AGGRESSIVE;
				CLANG_CXX_LANGUAGE_STANDARD = "gnu++17";
				CLANG_CXX_LIBRARY = "libc++";
				CLANG_ENABLE_MODULES = YES;
				CLANG_ENABLE_OBJC_ARC = YES;
				CLANG_ENABLE_OBJC_WEAK = YES;
				CLANG_WARN_BLOCK_CAPTURE_AUTORELEASING = YES;
				CLANG_WARN_BOOL_CONVERSION = YES;
				CLANG_WARN_COMMA = YES;
				CLANG_WARN_CONSTANT_CONVERSION = YES;
				CLANG_WARN_DEPRECATED_OBJC_IMPLEMENTATIONS = YES;
				CLANG_WARN_DIRECT_OBJC_ISA_USAGE = YES_ERROR;
				CLANG_WARN_DOCUMENTATION_COMMENTS = YES;
				CLANG_WARN_EMPTY_BODY = YES;
				CLANG_WARN_ENUM_CONVERSION = YES;
				CLANG_WARN_INFINITE_RECURSION = YES;
				CLANG_WARN_INT_CONVERSION = YES;
				CLANG_WARN_NON_LITERAL_NULL_CONVERSION = YES;
				CLANG_WARN_OBJC_IMPLICIT_RETAIN_SELF = YES;
				CLANG_WARN_OBJC_LITERAL_CONVERSION = YES;
				CLANG_WARN_OBJC_ROOT_CLASS = YES_ERROR;
				CLANG_WARN_QUOTED_INCLUDE_IN_FRAMEWORK_HEADER = YES;
				CLANG_WARN_RANGE_LOOP_ANALYSIS = YES;
				CLANG_WARN_STRICT_PROTOTYPES = YES;
				CLANG_WARN_SUSPICIOUS_MOVE = YES;
				CLANG_WARN_UNGUARDED_AVAILABILITY = YES_AGGRESSIVE;
				CLANG_WARN_UNREACHABLE_CODE = YES;
				CLANG_WARN__DUPLICATE_METHOD_MATCH = YES;
				COPY_PHASE_STRIP = NO;
				DEBUG_INFORMATION_FORMAT = dwarf;
				ENABLE_STRICT_OBJC_MSGSEND = YES;
				ENABLE_TESTABILITY = YES;
				GCC_C_LANGUAGE_STANDARD = gnu11;
				GCC_DYNAMIC_NO_PIC = NO;
				GCC_NO_COMMON_BLOCKS = YES;
				GCC_OPTIMIZATION_LEVEL = 0;
				GCC_PREPROCESSOR_DEFINITIONS = (
					"DEBUG=1",
					"$(inherited)",
				);
				GCC_WARN_64_TO_32_BIT_CONVERSION = YES;
				GCC_WARN_ABOUT_RETURN_TYPE = YES_ERROR;
				GCC_WARN_UNDECLARED_SELECTOR = YES;
				GCC_WARN_UNINITIALIZED_AUTOS = YES_AGGRESSIVE;
				GCC_WARN_UNUSED_FUNCTION = YES;
				GCC_WARN_UNUSED_VARIABLE = YES;
				IPHONEOS_DEPLOYMENT_TARGET = 15.0;
				MTL_ENABLE_DEBUG_INFO = INCLUDE_SOURCE;
				MTL_FAST_MATH = YES;
				ONLY_ACTIVE_ARCH = YES;
				SDKROOT = iphoneos;
				SWIFT_ACTIVE_COMPILATION_CONDITIONS = DEBUG;
				SWIFT_OPTIMIZATION_LEVEL = "-Onone";
			};
			name = Debug;
		};
		E0DD5EF828CF813E00B41243 /* Release */ = {
			isa = XCBuildConfiguration;
			buildSettings = {
				ALWAYS_SEARCH_USER_PATHS = NO;
				CLANG_ANALYZER_NONNULL = YES;
				CLANG_ANALYZER_NUMBER_OBJECT_CONVERSION = YES_AGGRESSIVE;
				CLANG_CXX_LANGUAGE_STANDARD = "gnu++17";
				CLANG_CXX_LIBRARY = "libc++";
				CLANG_ENABLE_MODULES = YES;
				CLANG_ENABLE_OBJC_ARC = YES;
				CLANG_ENABLE_OBJC_WEAK = YES;
				CLANG_WARN_BLOCK_CAPTURE_AUTORELEASING = YES;
				CLANG_WARN_BOOL_CONVERSION = YES;
				CLANG_WARN_COMMA = YES;
				CLANG_WARN_CONSTANT_CONVERSION = YES;
				CLANG_WARN_DEPRECATED_OBJC_IMPLEMENTATIONS = YES;
				CLANG_WARN_DIRECT_OBJC_ISA_USAGE = YES_ERROR;
				CLANG_WARN_DOCUMENTATION_COMMENTS = YES;
				CLANG_WARN_EMPTY_BODY = YES;
				CLANG_WARN_ENUM_CONVERSION = YES;
				CLANG_WARN_INFINITE_RECURSION = YES;
				CLANG_WARN_INT_CONVERSION = YES;
				CLANG_WARN_NON_LITERAL_NULL_CONVERSION = YES;
				CLANG_WARN_OBJC_IMPLICIT_RETAIN_SELF = YES;
				CLANG_WARN_OBJC_LITERAL_CONVERSION = YES;
				CLANG_WARN_OBJC_ROOT_CLASS = YES_ERROR;
				CLANG_WARN_QUOTED_INCLUDE_IN_FRAMEWORK_HEADER = YES;
				CLANG_WARN_RANGE_LOOP_ANALYSIS = YES;
				CLANG_WARN_STRICT_PROTOTYPES = YES;
				CLANG_WARN_SUSPICIOUS_MOVE = YES;
				CLANG_WARN_UNGUARDED_AVAILABILITY = YES_AGGRESSIVE;
				CLANG_WARN_UNREACHABLE_CODE = YES;
				CLANG_WARN__DUPLICATE_METHOD_MATCH = YES;
				COPY_PHASE_STRIP = NO;
				DEBUG_INFORMATION_FORMAT = "dwarf-with-dsym";
				ENABLE_NS_ASSERTIONS = NO;
				ENABLE_STRICT_OBJC_MSGSEND = YES;
				GCC_C_LANGUAGE_STANDARD = gnu11;
				GCC_NO_COMMON_BLOCKS = YES;
				GCC_WARN_64_TO_32_BIT_CONVERSION = YES;
				GCC_WARN_ABOUT_RETURN_TYPE = YES_ERROR;
				GCC_WARN_UNDECLARED_SELECTOR = YES;
				GCC_WARN_UNINITIALIZED_AUTOS = YES_AGGRESSIVE;
				GCC_WARN_UNUSED_FUNCTION = YES;
				GCC_WARN_UNUSED_VARIABLE = YES;
				IPHONEOS_DEPLOYMENT_TARGET = 15.0;
				MTL_ENABLE_DEBUG_INFO = NO;
				MTL_FAST_MATH = YES;
				SDKROOT = iphoneos;
				SWIFT_COMPILATION_MODE = wholemodule;
				SWIFT_OPTIMIZATION_LEVEL = "-O";
				VALIDATE_PRODUCT = YES;
			};
			name = Release;
		};
		E0DD5EFA28CF813E00B41243 /* Debug */ = {
			isa = XCBuildConfiguration;
			buildSettings = {
				ASSETCATALOG_COMPILER_APPICON_NAME = AppIcon;
				ASSETCATALOG_COMPILER_GLOBAL_ACCENT_COLOR_NAME = AccentColor;
				CODE_SIGN_STYLE = Automatic;
				CURRENT_PROJECT_VERSION = 1;
				DEVELOPMENT_ASSET_PATHS = "\"ghibli/Preview Content\"";
				DEVELOPMENT_TEAM = NNZP58UQQ9;
				ENABLE_PREVIEWS = YES;
				GENERATE_INFOPLIST_FILE = YES;
				INFOPLIST_KEY_UIApplicationSceneManifest_Generation = YES;
				INFOPLIST_KEY_UIApplicationSupportsIndirectInputEvents = YES;
				INFOPLIST_KEY_UILaunchScreen_Generation = YES;
				INFOPLIST_KEY_UISupportedInterfaceOrientations_iPad = "UIInterfaceOrientationPortrait UIInterfaceOrientationPortraitUpsideDown UIInterfaceOrientationLandscapeLeft UIInterfaceOrientationLandscapeRight";
				INFOPLIST_KEY_UISupportedInterfaceOrientations_iPhone = "UIInterfaceOrientationPortrait UIInterfaceOrientationLandscapeLeft UIInterfaceOrientationLandscapeRight";
				IPHONEOS_DEPLOYMENT_TARGET = 15.0;
				LD_RUNPATH_SEARCH_PATHS = (
					"$(inherited)",
					"@executable_path/Frameworks",
				);
				MARKETING_VERSION = 1.0;
				PRODUCT_BUNDLE_IDENTIFIER = com.test.ghibli;
				PRODUCT_NAME = "$(TARGET_NAME)";
				SWIFT_EMIT_LOC_STRINGS = YES;
				SWIFT_VERSION = 5.0;
				TARGETED_DEVICE_FAMILY = "1,2";
			};
			name = Debug;
		};
		E0DD5EFB28CF813E00B41243 /* Release */ = {
			isa = XCBuildConfiguration;
			buildSettings = {
				ASSETCATALOG_COMPILER_APPICON_NAME = AppIcon;
				ASSETCATALOG_COMPILER_GLOBAL_ACCENT_COLOR_NAME = AccentColor;
				CODE_SIGN_STYLE = Automatic;
				CURRENT_PROJECT_VERSION = 1;
				DEVELOPMENT_ASSET_PATHS = "\"ghibli/Preview Content\"";
				DEVELOPMENT_TEAM = NNZP58UQQ9;
				ENABLE_PREVIEWS = YES;
				GENERATE_INFOPLIST_FILE = YES;
				INFOPLIST_KEY_UIApplicationSceneManifest_Generation = YES;
				INFOPLIST_KEY_UIApplicationSupportsIndirectInputEvents = YES;
				INFOPLIST_KEY_UILaunchScreen_Generation = YES;
				INFOPLIST_KEY_UISupportedInterfaceOrientations_iPad = "UIInterfaceOrientationPortrait UIInterfaceOrientationPortraitUpsideDown UIInterfaceOrientationLandscapeLeft UIInterfaceOrientationLandscapeRight";
				INFOPLIST_KEY_UISupportedInterfaceOrientations_iPhone = "UIInterfaceOrientationPortrait UIInterfaceOrientationLandscapeLeft UIInterfaceOrientationLandscapeRight";
				IPHONEOS_DEPLOYMENT_TARGET = 15.0;
				LD_RUNPATH_SEARCH_PATHS = (
					"$(inherited)",
					"@executable_path/Frameworks",
				);
				MARKETING_VERSION = 1.0;
				PRODUCT_BUNDLE_IDENTIFIER = com.test.ghibli;
				PRODUCT_NAME = "$(TARGET_NAME)";
				SWIFT_EMIT_LOC_STRINGS = YES;
				SWIFT_VERSION = 5.0;
				TARGETED_DEVICE_FAMILY = "1,2";
			};
			name = Release;
		};
		E0DD5EFD28CF813E00B41243 /* Debug */ = {
			isa = XCBuildConfiguration;
			buildSettings = {
				ALWAYS_EMBED_SWIFT_STANDARD_LIBRARIES = YES;
				BUNDLE_LOADER = "$(TEST_HOST)";
				CODE_SIGN_STYLE = Automatic;
				CURRENT_PROJECT_VERSION = 1;
				DEVELOPMENT_TEAM = NNZP58UQQ9;
				GENERATE_INFOPLIST_FILE = YES;
				IPHONEOS_DEPLOYMENT_TARGET = 15.0;
				LD_RUNPATH_SEARCH_PATHS = (
					"$(inherited)",
					"@executable_path/Frameworks",
					"@loader_path/Frameworks",
				);
				MARKETING_VERSION = 1.0;
				PRODUCT_BUNDLE_IDENTIFIER = com.test.ghibliTests;
				PRODUCT_NAME = "$(TARGET_NAME)";
				SWIFT_EMIT_LOC_STRINGS = NO;
				SWIFT_VERSION = 5.0;
				TARGETED_DEVICE_FAMILY = "1,2";
				TEST_HOST = "$(BUILT_PRODUCTS_DIR)/ghibli.app/ghibli";
			};
			name = Debug;
		};
		E0DD5EFE28CF813E00B41243 /* Release */ = {
			isa = XCBuildConfiguration;
			buildSettings = {
				ALWAYS_EMBED_SWIFT_STANDARD_LIBRARIES = YES;
				BUNDLE_LOADER = "$(TEST_HOST)";
				CODE_SIGN_STYLE = Automatic;
				CURRENT_PROJECT_VERSION = 1;
				DEVELOPMENT_TEAM = NNZP58UQQ9;
				GENERATE_INFOPLIST_FILE = YES;
				IPHONEOS_DEPLOYMENT_TARGET = 15.0;
				LD_RUNPATH_SEARCH_PATHS = (
					"$(inherited)",
					"@executable_path/Frameworks",
					"@loader_path/Frameworks",
				);
				MARKETING_VERSION = 1.0;
				PRODUCT_BUNDLE_IDENTIFIER = com.test.ghibliTests;
				PRODUCT_NAME = "$(TARGET_NAME)";
				SWIFT_EMIT_LOC_STRINGS = NO;
				SWIFT_VERSION = 5.0;
				TARGETED_DEVICE_FAMILY = "1,2";
				TEST_HOST = "$(BUILT_PRODUCTS_DIR)/ghibli.app/ghibli";
			};
			name = Release;
		};
		E0DD5F0028CF813E00B41243 /* Debug */ = {
			isa = XCBuildConfiguration;
			buildSettings = {
				ALWAYS_EMBED_SWIFT_STANDARD_LIBRARIES = YES;
				CODE_SIGN_STYLE = Automatic;
				CURRENT_PROJECT_VERSION = 1;
				DEVELOPMENT_TEAM = NNZP58UQQ9;
				GENERATE_INFOPLIST_FILE = YES;
				LD_RUNPATH_SEARCH_PATHS = (
					"$(inherited)",
					"@executable_path/Frameworks",
					"@loader_path/Frameworks",
				);
				MARKETING_VERSION = 1.0;
				PRODUCT_BUNDLE_IDENTIFIER = com.test.ghibliUITests;
				PRODUCT_NAME = "$(TARGET_NAME)";
				SWIFT_EMIT_LOC_STRINGS = NO;
				SWIFT_VERSION = 5.0;
				TARGETED_DEVICE_FAMILY = "1,2";
				TEST_TARGET_NAME = ghibli;
			};
			name = Debug;
		};
		E0DD5F0128CF813E00B41243 /* Release */ = {
			isa = XCBuildConfiguration;
			buildSettings = {
				ALWAYS_EMBED_SWIFT_STANDARD_LIBRARIES = YES;
				CODE_SIGN_STYLE = Automatic;
				CURRENT_PROJECT_VERSION = 1;
				DEVELOPMENT_TEAM = NNZP58UQQ9;
				GENERATE_INFOPLIST_FILE = YES;
				LD_RUNPATH_SEARCH_PATHS = (
					"$(inherited)",
					"@executable_path/Frameworks",
					"@loader_path/Frameworks",
				);
				MARKETING_VERSION = 1.0;
				PRODUCT_BUNDLE_IDENTIFIER = com.test.ghibliUITests;
				PRODUCT_NAME = "$(TARGET_NAME)";
				SWIFT_EMIT_LOC_STRINGS = NO;
				SWIFT_VERSION = 5.0;
				TARGETED_DEVICE_FAMILY = "1,2";
				TEST_TARGET_NAME = ghibli;
			};
			name = Release;
		};
/* End XCBuildConfiguration section */

/* Begin XCConfigurationList section */
		E0DD5ED028CF813B00B41243 /* Build configuration list for PBXProject "ghibli" */ = {
			isa = XCConfigurationList;
			buildConfigurations = (
				E0DD5EF728CF813E00B41243 /* Debug */,
				E0DD5EF828CF813E00B41243 /* Release */,
			);
			defaultConfigurationIsVisible = 0;
			defaultConfigurationName = Release;
		};
		E0DD5EF928CF813E00B41243 /* Build configuration list for PBXNativeTarget "ghibli" */ = {
			isa = XCConfigurationList;
			buildConfigurations = (
				E0DD5EFA28CF813E00B41243 /* Debug */,
				E0DD5EFB28CF813E00B41243 /* Release */,
			);
			defaultConfigurationIsVisible = 0;
			defaultConfigurationName = Release;
		};
		E0DD5EFC28CF813E00B41243 /* Build configuration list for PBXNativeTarget "ghibliTests" */ = {
			isa = XCConfigurationList;
			buildConfigurations = (
				E0DD5EFD28CF813E00B41243 /* Debug */,
				E0DD5EFE28CF813E00B41243 /* Release */,
			);
			defaultConfigurationIsVisible = 0;
			defaultConfigurationName = Release;
		};
		E0DD5EFF28CF813E00B41243 /* Build configuration list for PBXNativeTarget "ghibliUITests" */ = {
			isa = XCConfigurationList;
			buildConfigurations = (
				E0DD5F0028CF813E00B41243 /* Debug */,
				E0DD5F0128CF813E00B41243 /* Release */,
			);
			defaultConfigurationIsVisible = 0;
			defaultConfigurationName = Release;
		};
/* End XCConfigurationList section */
	};
	rootObject = E0DD5ECD28CF813B00B41243 /* Project object */;
}
